
Microsoft Visual Studio Solution File, Format Version 12.00
# Visual Studio Version 16
VisualStudioVersion = 16.0.33801.447
MinimumVisualStudioVersion = 10.0.40219.1
Project("{8BC9CEB8-8B4A-11D0-8D11-00A0C91BC942}") = "Tetris-final", "Tetris-final.vcxproj", "{79597818-AB5C-47AB-88C5-8E1E92EA86F5}"
EndProject
Global
	GlobalSection(SolutionConfigurationPlatforms) = preSolution
		Debug|x86 = Debug|x86
		Release|x86 = Release|x86
	EndGlobalSection
	GlobalSection(ProjectConfigurationPlatforms) = postSolution
		{79597818-AB5C-47AB-88C5-8E1E92EA86F5}.Debug|x86.ActiveCfg = Debug|Win32
		{79597818-AB5C-47AB-88C5-8E1E92EA86F5}.Debug|x86.Build.0 = Debug|Win32
		{79597818-AB5C-47AB-88C5-8E1E92EA86F5}.Release|x86.ActiveCfg = Release|Win32
		{79597818-AB5C-47AB-88C5-8E1E92EA86F5}.Release|x86.Build.0 = Release|Win32
	EndGlobalSection
	GlobalSection(SolutionProperties) = preSolution
		HideSolutionNode = FALSE
	EndGlobalSection
	GlobalSection(ExtensibilityGlobals) = postSolution
		SolutionGuid = {D52F06F3-6FF5-4A77-8EBC-EE91AEC0BBEE}
	EndGlobalSection
EndGlobal
